
Microsoft Visual Studio Solution File, Format Version 12.00
# Visual Studio Version 17
VisualStudioVersion = 17.14.36301.6 d17.14
MinimumVisualStudioVersion = 10.0.40219.1
Project("{54A90642-561A-4BB1-A94E-469ADEE60C69}") = "customadaptor.client", "customadaptor.client\customadaptor.client.esproj", "{A51888F3-FC8C-BAAA-BD04-D753F38B3BA0}"
EndProject
Project("{FAE04EC0-301F-11D3-BF4B-00C04F79EFBC}") = "CustomAdaptor.Server", "CustomAdaptor.Server\CustomAdaptor.Server.csproj", "{79CA424D-0B7E-44ED-A1F5-B5EBBAA6E767}"
EndProject
Global
	GlobalSection(SolutionConfigurationPlatforms) = preSolution
		Debug|Any CPU = Debug|Any CPU
		Release|Any CPU = Release|Any CPU
	EndGlobalSection
	GlobalSection(ProjectConfigurationPlatforms) = postSolution
		{A51888F3-FC8C-BAAA-BD04-D753F38B3BA0}.Debug|Any CPU.ActiveCfg = Debug|Any CPU
		{A51888F3-FC8C-BAAA-BD04-D753F38B3BA0}.Debug|Any CPU.Build.0 = Debug|Any CPU
		{A51888F3-FC8C-BAAA-BD04-D753F38B3BA0}.Debug|Any CPU.Deploy.0 = Debug|Any CPU
		{A51888F3-FC8C-BAAA-BD04-D753F38B3BA0}.Release|Any CPU.ActiveCfg = Release|Any CPU
		{A51888F3-FC8C-BAAA-BD04-D753F38B3BA0}.Release|Any CPU.Build.0 = Release|Any CPU
		{A51888F3-FC8C-BAAA-BD04-D753F38B3BA0}.Release|Any CPU.Deploy.0 = Release|Any CPU
		{79CA424D-0B7E-44ED-A1F5-B5EBBAA6E767}.Debug|Any CPU.ActiveCfg = Debug|Any CPU
		{79CA424D-0B7E-44ED-A1F5-B5EBBAA6E767}.Debug|Any CPU.Build.0 = Debug|Any CPU
		{79CA424D-0B7E-44ED-A1F5-B5EBBAA6E767}.Release|Any CPU.ActiveCfg = Release|Any CPU
		{79CA424D-0B7E-44ED-A1F5-B5EBBAA6E767}.Release|Any CPU.Build.0 = Release|Any CPU
	EndGlobalSection
	GlobalSection(SolutionProperties) = preSolution
		HideSolutionNode = FALSE
	EndGlobalSection
	GlobalSection(ExtensibilityGlobals) = postSolution
		SolutionGuid = {D0E2A494-258D-42AD-9153-8EA1435598D2}
	EndGlobalSection
EndGlobal
